
Microsoft Visual Studio Solution File, Format Version 12.00
# Visual Studio 15
VisualStudioVersion = 15.0.27428.2043
MinimumVisualStudioVersion = 10.0.40219.1
Project("{FAE04EC0-301F-11D3-BF4B-00C04F79EFBC}") = "App01_ConsultarCEP.Android", "App01_ConsultarCEP\App01_ConsultarCEP.Android\App01_ConsultarCEP.Android.csproj", "{A4296BA8-74ED-44F2-B5C3-32EEFB801958}"
EndProject
Project("{FAE04EC0-301F-11D3-BF4B-00C04F79EFBC}") = "App01_ConsultarCEP.iOS", "App01_ConsultarCEP\App01_ConsultarCEP.iOS\App01_ConsultarCEP.iOS.csproj", "{2174ED29-6D49-4972-8229-9C75CE946C9A}"
EndProject
Project("{FAE04EC0-301F-11D3-BF4B-00C04F79EFBC}") = "App01_ConsultarCEP.UWP", "App01_ConsultarCEP\App01_ConsultarCEP.UWP\App01_ConsultarCEP.UWP.csproj", "{F88019FA-E890-41C3-A3E2-99C4797491EF}"
EndProject
Project("{FAE04EC0-301F-11D3-BF4B-00C04F79EFBC}") = "App01_ConsultarCEP", "App01_ConsultarCEP\App01_ConsultarCEP\App01_ConsultarCEP.csproj", "{79435647-66EA-4695-9F25-5679996C2166}"
EndProject
Global
	GlobalSection(SolutionConfigurationPlatforms) = preSolution
		Ad-Hoc|Any CPU = Ad-Hoc|Any CPU
		Ad-Hoc|ARM = Ad-Hoc|ARM
		Ad-Hoc|iPhone = Ad-Hoc|iPhone
		Ad-Hoc|iPhoneSimulator = Ad-Hoc|iPhoneSimulator
		Ad-Hoc|x64 = Ad-Hoc|x64
		Ad-Hoc|x86 = Ad-Hoc|x86
		AppStore|Any CPU = AppStore|Any CPU
		AppStore|ARM = AppStore|ARM
		AppStore|iPhone = AppStore|iPhone
		AppStore|iPhoneSimulator = AppStore|iPhoneSimulator
		AppStore|x64 = AppStore|x64
		AppStore|x86 = AppStore|x86
		Debug|Any CPU = Debug|Any CPU
		Debug|ARM = Debug|ARM
		Debug|iPhone = Debug|iPhone
		Debug|iPhoneSimulator = Debug|iPhoneSimulator
		Debug|x64 = Debug|x64
		Debug|x86 = Debug|x86
		Release|Any CPU = Release|Any CPU
		Release|ARM = Release|ARM
		Release|iPhone = Release|iPhone
		Release|iPhoneSimulator = Release|iPhoneSimulator
		Release|x64 = Release|x64
		Release|x86 = Release|x86
	EndGlobalSection
	GlobalSection(ProjectConfigurationPlatforms) = postSolution
		{A4296BA8-74ED-44F2-B5C3-32EEFB801958}.Ad-Hoc|Any CPU.ActiveCfg = Release|Any CPU
		{A4296BA8-74ED-44F2-B5C3-32EEFB801958}.Ad-Hoc|Any CPU.Build.0 = Release|Any CPU
		{A4296BA8-74ED-44F2-B5C3-32EEFB801958}.Ad-Hoc|Any CPU.Deploy.0 = Release|Any CPU
		{A4296BA8-74ED-44F2-B5C3-32EEFB801958}.Ad-Hoc|ARM.ActiveCfg = Release|Any CPU
		{A4296BA8-74ED-44F2-B5C3-32EEFB801958}.Ad-Hoc|ARM.Build.0 = Release|Any CPU
		{A4296BA8-74ED-44F2-B5C3-32EEFB801958}.Ad-Hoc|ARM.Deploy.0 = Release|Any CPU
		{A4296BA8-74ED-44F2-B5C3-32EEFB801958}.Ad-Hoc|iPhone.ActiveCfg = Release|Any CPU
		{A4296BA8-74ED-44F2-B5C3-32EEFB801958}.Ad-Hoc|iPhone.Build.0 = Release|Any CPU
		{A4296BA8-74ED-44F2-B5C3-32EEFB801958}.Ad-Hoc|iPhone.Deploy.0 = Release|Any CPU
		{A4296BA8-74ED-44F2-B5C3-32EEFB801958}.Ad-Hoc|iPhoneSimulator.ActiveCfg = Release|Any CPU
		{A4296BA8-74ED-44F2-B5C3-32EEFB801958}.Ad-Hoc|iPhoneSimulator.Build.0 = Release|Any CPU
		{A4296BA8-74ED-44F2-B5C3-32EEFB801958}.Ad-Hoc|iPhoneSimulator.Deploy.0 = Release|Any CPU
		{A4296BA8-74ED-44F2-B5C3-32EEFB801958}.Ad-Hoc|x64.ActiveCfg = Release|Any CPU
		{A4296BA8-74ED-44F2-B5C3-32EEFB801958}.Ad-Hoc|x64.Build.0 = Release|Any CPU
		{A4296BA8-74ED-44F2-B5C3-32EEFB801958}.Ad-Hoc|x64.Deploy.0 = Release|Any CPU
		{A4296BA8-74ED-44F2-B5C3-32EEFB801958}.Ad-Hoc|x86.ActiveCfg = Release|Any CPU
		{A4296BA8-74ED-44F2-B5C3-32EEFB801958}.Ad-Hoc|x86.Build.0 = Release|Any CPU
		{A4296BA8-74ED-44F2-B5C3-32EEFB801958}.Ad-Hoc|x86.Deploy.0 = Release|Any CPU
		{A4296BA8-74ED-44F2-B5C3-32EEFB801958}.AppStore|Any CPU.ActiveCfg = Release|Any CPU
		{A4296BA8-74ED-44F2-B5C3-32EEFB801958}.AppStore|Any CPU.Build.0 = Release|Any CPU
		{A4296BA8-74ED-44F2-B5C3-32EEFB801958}.AppStore|Any CPU.Deploy.0 = Release|Any CPU
		{A4296BA8-74ED-44F2-B5C3-32EEFB801958}.AppStore|ARM.ActiveCfg = Release|Any CPU
		{A4296BA8-74ED-44F2-B5C3-32EEFB801958}.AppStore|ARM.Build.0 = Release|Any CPU
		{A4296BA8-74ED-44F2-B5C3-32EEFB801958}.AppStore|ARM.Deploy.0 = Release|Any CPU
		{A4296BA8-74ED-44F2-B5C3-32EEFB801958}.AppStore|iPhone.ActiveCfg = Release|Any CPU
		{A4296BA8-74ED-44F2-B5C3-32EEFB801958}.AppStore|iPhone.Build.0 = Release|Any CPU
		{A4296BA8-74ED-44F2-B5C3-32EEFB801958}.AppStore|iPhone.Deploy.0 = Release|Any CPU
		{A4296BA8-74ED-44F2-B5C3-32EEFB801958}.AppStore|iPhoneSimulator.ActiveCfg = Release|Any CPU
		{A4296BA8-74ED-44F2-B5C3-32EEFB801958}.AppStore|iPhoneSimulator.Build.0 = Release|Any CPU
		{A4296BA8-74ED-44F2-B5C3-32EEFB801958}.AppStore|iPhoneSimulator.Deploy.0 = Release|Any CPU
		{A4296BA8-74ED-44F2-B5C3-32EEFB801958}.AppStore|x64.ActiveCfg = Release|Any CPU
		{A4296BA8-74ED-44F2-B5C3-32EEFB801958}.AppStore|x64.Build.0 = Release|Any CPU
		{A4296BA8-74ED-44F2-B5C3-32EEFB801958}.AppStore|x64.Deploy.0 = Release|Any CPU
		{A4296BA8-74ED-44F2-B5C3-32EEFB801958}.AppStore|x86.ActiveCfg = Release|Any CPU
		{A4296BA8-74ED-44F2-B5C3-32EEFB801958}.AppStore|x86.Build.0 = Release|Any CPU
		{A4296BA8-74ED-44F2-B5C3-32EEFB801958}.AppStore|x86.Deploy.0 = Release|Any CPU
		{A4296BA8-74ED-44F2-B5C3-32EEFB801958}.Debug|Any CPU.ActiveCfg = Debug|Any CPU
		{A4296BA8-74ED-44F2-B5C3-32EEFB801958}.Debug|Any CPU.Build.0 = Debug|Any CPU
		{A4296BA8-74ED-44F2-B5C3-32EEFB801958}.Debug|Any CPU.Deploy.0 = Debug|Any CPU
		{A4296BA8-74ED-44F2-B5C3-32EEFB801958}.Debug|ARM.ActiveCfg = Debug|Any CPU
		{A4296BA8-74ED-44F2-B5C3-32EEFB801958}.Debug|ARM.Build.0 = Debug|Any CPU
		{A4296BA8-74ED-44F2-B5C3-32EEFB801958}.Debug|ARM.Deploy.0 = Debug|Any CPU
		{A4296BA8-74ED-44F2-B5C3-32EEFB801958}.Debug|iPhone.ActiveCfg = Debug|Any CPU
		{A4296BA8-74ED-44F2-B5C3-32EEFB801958}.Debug|iPhone.Build.0 = Debug|Any CPU
		{A4296BA8-74ED-44F2-B5C3-32EEFB801958}.Debug|iPhone.Deploy.0 = Debug|Any CPU
		{A4296BA8-74ED-44F2-B5C3-32EEFB801958}.Debug|iPhoneSimulator.ActiveCfg = Debug|Any CPU
		{A4296BA8-74ED-44F2-B5C3-32EEFB801958}.Debug|iPhoneSimulator.Build.0 = Debug|Any CPU
		{A4296BA8-74ED-44F2-B5C3-32EEFB801958}.Debug|iPhoneSimulator.Deploy.0 = Debug|Any CPU
		{A4296BA8-74ED-44F2-B5C3-32EEFB801958}.Debug|x64.ActiveCfg = Debug|Any CPU
		{A4296BA8-74ED-44F2-B5C3-32EEFB801958}.Debug|x64.Build.0 = Debug|Any CPU
		{A4296BA8-74ED-44F2-B5C3-32EEFB801958}.Debug|x64.Deploy.0 = Debug|Any CPU
		{A4296BA8-74ED-44F2-B5C3-32EEFB801958}.Debug|x86.ActiveCfg = Debug|Any CPU
		{A4296BA8-74ED-44F2-B5C3-32EEFB801958}.Debug|x86.Build.0 = Debug|Any CPU
		{A4296BA8-74ED-44F2-B5C3-32EEFB801958}.Debug|x86.Deploy.0 = Debug|Any CPU
		{A4296BA8-74ED-44F2-B5C3-32EEFB801958}.Release|Any CPU.ActiveCfg = Release|Any CPU
		{A4296BA8-74ED-44F2-B5C3-32EEFB801958}.Release|Any CPU.Build.0 = Release|Any CPU
		{A4296BA8-74ED-44F2-B5C3-32EEFB801958}.Release|Any CPU.Deploy.0 = Release|Any CPU
		{A4296BA8-74ED-44F2-B5C3-32EEFB801958}.Release|ARM.ActiveCfg = Release|Any CPU
		{A4296BA8-74ED-44F2-B5C3-32EEFB801958}.Release|ARM.Build.0 = Release|Any CPU
		{A4296BA8-74ED-44F2-B5C3-32EEFB801958}.Release|ARM.Deploy.0 = Release|Any CPU
		{A4296BA8-74ED-44F2-B5C3-32EEFB801958}.Release|iPhone.ActiveCfg = Release|Any CPU
		{A4296BA8-74ED-44F2-B5C3-32EEFB801958}.Release|iPhone.Build.0 = Release|Any CPU
		{A4296BA8-74ED-44F2-B5C3-32EEFB801958}.Release|iPhone.Deploy.0 = Release|Any CPU
		{A4296BA8-74ED-44F2-B5C3-32EEFB801958}.Release|iPhoneSimulator.ActiveCfg = Release|Any CPU
		{A4296BA8-74ED-44F2-B5C3-32EEFB801958}.Release|iPhoneSimulator.Build.0 = Release|Any CPU
		{A4296BA8-74ED-44F2-B5C3-32EEFB801958}.Release|iPhoneSimulator.Deploy.0 = Release|Any CPU
		{A4296BA8-74ED-44F2-B5C3-32EEFB801958}.Release|x64.ActiveCfg = Release|Any CPU
		{A4296BA8-74ED-44F2-B5C3-32EEFB801958}.Release|x64.Build.0 = Release|Any CPU
		{A4296BA8-74ED-44F2-B5C3-32EEFB801958}.Release|x64.Deploy.0 = Release|Any CPU
		{A4296BA8-74ED-44F2-B5C3-32EEFB801958}.Release|x86.ActiveCfg = Release|Any CPU
		{A4296BA8-74ED-44F2-B5C3-32EEFB801958}.Release|x86.Build.0 = Release|Any CPU
		{A4296BA8-74ED-44F2-B5C3-32EEFB801958}.Release|x86.Deploy.0 = Release|Any CPU
		{2174ED29-6D49-4972-8229-9C75CE946C9A}.Ad-Hoc|Any CPU.ActiveCfg = Ad-Hoc|iPhone
		{2174ED29-6D49-4972-8229-9C75CE946C9A}.Ad-Hoc|ARM.ActiveCfg = Ad-Hoc|iPhone
		{2174ED29-6D49-4972-8229-9C75CE946C9A}.Ad-Hoc|iPhone.ActiveCfg = Ad-Hoc|iPhone
		{2174ED29-6D49-4972-8229-9C75CE946C9A}.Ad-Hoc|iPhone.Build.0 = Ad-Hoc|iPhone
		{2174ED29-6D49-4972-8229-9C75CE946C9A}.Ad-Hoc|iPhoneSimulator.ActiveCfg = Ad-Hoc|iPhoneSimulator
		{2174ED29-6D49-4972-8229-9C75CE946C9A}.Ad-Hoc|iPhoneSimulator.Build.0 = Ad-Hoc|iPhoneSimulator
		{2174ED29-6D49-4972-8229-9C75CE946C9A}.Ad-Hoc|x64.ActiveCfg = Ad-Hoc|iPhone
		{2174ED29-6D49-4972-8229-9C75CE946C9A}.Ad-Hoc|x86.ActiveCfg = Ad-Hoc|iPhone
		{2174ED29-6D49-4972-8229-9C75CE946C9A}.AppStore|Any CPU.ActiveCfg = AppStore|iPhone
		{2174ED29-6D49-4972-8229-9C75CE946C9A}.AppStore|ARM.ActiveCfg = AppStore|iPhone
		{2174ED29-6D49-4972-8229-9C75CE946C9A}.AppStore|iPhone.ActiveCfg = AppStore|iPhone
		{2174ED29-6D49-4972-8229-9C75CE946C9A}.AppStore|iPhone.Build.0 = AppStore|iPhone
		{2174ED29-6D49-4972-8229-9C75CE946C9A}.AppStore|iPhoneSimulator.ActiveCfg = AppStore|iPhoneSimulator
		{2174ED29-6D49-4972-8229-9C75CE946C9A}.AppStore|iPhoneSimulator.Build.0 = AppStore|iPhoneSimulator
		{2174ED29-6D49-4972-8229-9C75CE946C9A}.AppStore|x64.ActiveCfg = AppStore|iPhone
		{2174ED29-6D49-4972-8229-9C75CE946C9A}.AppStore|x86.ActiveCfg = AppStore|iPhone
		{2174ED29-6D49-4972-8229-9C75CE946C9A}.Debug|Any CPU.ActiveCfg = Debug|iPhone
		{2174ED29-6D49-4972-8229-9C75CE946C9A}.Debug|ARM.ActiveCfg = Debug|iPhone
		{2174ED29-6D49-4972-8229-9C75CE946C9A}.Debug|iPhone.ActiveCfg = Debug|iPhone
		{2174ED29-6D49-4972-8229-9C75CE946C9A}.Debug|iPhone.Build.0 = Debug|iPhone
		{2174ED29-6D49-4972-8229-9C75CE946C9A}.Debug|iPhoneSimulator.ActiveCfg = Debug|iPhoneSimulator
		{2174ED29-6D49-4972-8229-9C75CE946C9A}.Debug|iPhoneSimulator.Build.0 = Debug|iPhoneSimulator
		{2174ED29-6D49-4972-8229-9C75CE946C9A}.Debug|x64.ActiveCfg = Debug|iPhone
		{2174ED29-6D49-4972-8229-9C75CE946C9A}.Debug|x86.ActiveCfg = Debug|iPhone
		{2174ED29-6D49-4972-8229-9C75CE946C9A}.Release|Any CPU.ActiveCfg = Release|iPhone
		{2174ED29-6D49-4972-8229-9C75CE946C9A}.Release|ARM.ActiveCfg = Release|iPhone
		{2174ED29-6D49-4972-8229-9C75CE946C9A}.Release|iPhone.ActiveCfg = Release|iPhone
		{2174ED29-6D49-4972-8229-9C75CE946C9A}.Release|iPhone.Build.0 = Release|iPhone
		{2174ED29-6D49-4972-8229-9C75CE946C9A}.Release|iPhoneSimulator.ActiveCfg = Release|iPhoneSimulator
		{2174ED29-6D49-4972-8229-9C75CE946C9A}.Release|iPhoneSimulator.Build.0 = Release|iPhoneSimulator
		{2174ED29-6D49-4972-8229-9C75CE946C9A}.Release|x64.ActiveCfg = Release|iPhone
		{2174ED29-6D49-4972-8229-9C75CE946C9A}.Release|x86.ActiveCfg = Release|iPhone
		{F88019FA-E890-41C3-A3E2-99C4797491EF}.Ad-Hoc|Any CPU.ActiveCfg = Release|x86
		{F88019FA-E890-41C3-A3E2-99C4797491EF}.Ad-Hoc|Any CPU.Build.0 = Release|x86
		{F88019FA-E890-41C3-A3E2-99C4797491EF}.Ad-Hoc|Any CPU.Deploy.0 = Release|x86
		{F88019FA-E890-41C3-A3E2-99C4797491EF}.Ad-Hoc|ARM.ActiveCfg = Release|ARM
		{F88019FA-E890-41C3-A3E2-99C4797491EF}.Ad-Hoc|ARM.Build.0 = Release|ARM
		{F88019FA-E890-41C3-A3E2-99C4797491EF}.Ad-Hoc|ARM.Deploy.0 = Release|ARM
		{F88019FA-E890-41C3-A3E2-99C4797491EF}.Ad-Hoc|iPhone.ActiveCfg = Release|x86
		{F88019FA-E890-41C3-A3E2-99C4797491EF}.Ad-Hoc|iPhone.Build.0 = Release|x86
		{F88019FA-E890-41C3-A3E2-99C4797491EF}.Ad-Hoc|iPhone.Deploy.0 = Release|x86
		{F88019FA-E890-41C3-A3E2-99C4797491EF}.Ad-Hoc|iPhoneSimulator.ActiveCfg = Release|x86
		{F88019FA-E890-41C3-A3E2-99C4797491EF}.Ad-Hoc|iPhoneSimulator.Build.0 = Release|x86
		{F88019FA-E890-41C3-A3E2-99C4797491EF}.Ad-Hoc|iPhoneSimulator.Deploy.0 = Release|x86
		{F88019FA-E890-41C3-A3E2-99C4797491EF}.Ad-Hoc|x64.ActiveCfg = Release|x64
		{F88019FA-E890-41C3-A3E2-99C4797491EF}.Ad-Hoc|x64.Build.0 = Release|x64
		{F88019FA-E890-41C3-A3E2-99C4797491EF}.Ad-Hoc|x64.Deploy.0 = Release|x64
		{F88019FA-E890-41C3-A3E2-99C4797491EF}.Ad-Hoc|x86.ActiveCfg = Release|x86
		{F88019FA-E890-41C3-A3E2-99C4797491EF}.Ad-Hoc|x86.Build.0 = Release|x86
		{F88019FA-E890-41C3-A3E2-99C4797491EF}.Ad-Hoc|x86.Deploy.0 = Release|x86
		{F88019FA-E890-41C3-A3E2-99C4797491EF}.AppStore|Any CPU.ActiveCfg = Release|x86
		{F88019FA-E890-41C3-A3E2-99C4797491EF}.AppStore|Any CPU.Build.0 = Release|x86
		{F88019FA-E890-41C3-A3E2-99C4797491EF}.AppStore|Any CPU.Deploy.0 = Release|x86
		{F88019FA-E890-41C3-A3E2-99C4797491EF}.AppStore|ARM.ActiveCfg = Release|ARM
		{F88019FA-E890-41C3-A3E2-99C4797491EF}.AppStore|ARM.Build.0 = Release|ARM
		{F88019FA-E890-41C3-A3E2-99C4797491EF}.AppStore|ARM.Deploy.0 = Release|ARM
		{F88019FA-E890-41C3-A3E2-99C4797491EF}.AppStore|iPhone.ActiveCfg = Release|x86
		{F88019FA-E890-41C3-A3E2-99C4797491EF}.AppStore|iPhone.Build.0 = Release|x86
		{F88019FA-E890-41C3-A3E2-99C4797491EF}.AppStore|iPhone.Deploy.0 = Release|x86
		{F88019FA-E890-41C3-A3E2-99C4797491EF}.AppStore|iPhoneSimulator.ActiveCfg = Release|x86
		{F88019FA-E890-41C3-A3E2-99C4797491EF}.AppStore|iPhoneSimulator.Build.0 = Release|x86
		{F88019FA-E890-41C3-A3E2-99C4797491EF}.AppStore|iPhoneSimulator.Deploy.0 = Release|x86
		{F88019FA-E890-41C3-A3E2-99C4797491EF}.AppStore|x64.ActiveCfg = Release|x64
		{F88019FA-E890-41C3-A3E2-99C4797491EF}.AppStore|x64.Build.0 = Release|x64
		{F88019FA-E890-41C3-A3E2-99C4797491EF}.AppStore|x64.Deploy.0 = Release|x64
		{F88019FA-E890-41C3-A3E2-99C4797491EF}.AppStore|x86.ActiveCfg = Release|x86
		{F88019FA-E890-41C3-A3E2-99C4797491EF}.AppStore|x86.Build.0 = Release|x86
		{F88019FA-E890-41C3-A3E2-99C4797491EF}.AppStore|x86.Deploy.0 = Release|x86
		{F88019FA-E890-41C3-A3E2-99C4797491EF}.Debug|Any CPU.ActiveCfg = Debug|x86
		{F88019FA-E890-41C3-A3E2-99C4797491EF}.Debug|ARM.ActiveCfg = Debug|ARM
		{F88019FA-E890-41C3-A3E2-99C4797491EF}.Debug|ARM.Build.0 = Debug|ARM
		{F88019FA-E890-41C3-A3E2-99C4797491EF}.Debug|ARM.Deploy.0 = Debug|ARM
		{F88019FA-E890-41C3-A3E2-99C4797491EF}.Debug|iPhone.ActiveCfg = Debug|x86
		{F88019FA-E890-41C3-A3E2-99C4797491EF}.Debug|iPhoneSimulator.ActiveCfg = Debug|x86
		{F88019FA-E890-41C3-A3E2-99C4797491EF}.Debug|x64.ActiveCfg = Debug|x64
		{F88019FA-E890-41C3-A3E2-99C4797491EF}.Debug|x64.Build.0 = Debug|x64
		{F88019FA-E890-41C3-A3E2-99C4797491EF}.Debug|x64.Deploy.0 = Debug|x64
		{F88019FA-E890-41C3-A3E2-99C4797491EF}.Debug|x86.ActiveCfg = Debug|x86
		{F88019FA-E890-41C3-A3E2-99C4797491EF}.Debug|x86.Build.0 = Debug|x86
		{F88019FA-E890-41C3-A3E2-99C4797491EF}.Debug|x86.Deploy.0 = Debug|x86
		{F88019FA-E890-41C3-A3E2-99C4797491EF}.Release|Any CPU.ActiveCfg = Release|x86
		{F88019FA-E890-41C3-A3E2-99C4797491EF}.Release|ARM.ActiveCfg = Release|ARM
		{F88019FA-E890-41C3-A3E2-99C4797491EF}.Release|ARM.Build.0 = Release|ARM
		{F88019FA-E890-41C3-A3E2-99C4797491EF}.Release|ARM.Deploy.0 = Release|ARM
		{F88019FA-E890-41C3-A3E2-99C4797491EF}.Release|iPhone.ActiveCfg = Release|x86
		{F88019FA-E890-41C3-A3E2-99C4797491EF}.Release|iPhoneSimulator.ActiveCfg = Release|x86
		{F88019FA-E890-41C3-A3E2-99C4797491EF}.Release|x64.ActiveCfg = Release|x64
		{F88019FA-E890-41C3-A3E2-99C4797491EF}.Release|x64.Build.0 = Release|x64
		{F88019FA-E890-41C3-A3E2-99C4797491EF}.Release|x64.Deploy.0 = Release|x64
		{F88019FA-E890-41C3-A3E2-99C4797491EF}.Release|x86.ActiveCfg = Release|x86
		{F88019FA-E890-41C3-A3E2-99C4797491EF}.Release|x86.Build.0 = Release|x86
		{F88019FA-E890-41C3-A3E2-99C4797491EF}.Release|x86.Deploy.0 = Release|x86
		{79435647-66EA-4695-9F25-5679996C2166}.Ad-Hoc|Any CPU.ActiveCfg = Debug|Any CPU
		{79435647-66EA-4695-9F25-5679996C2166}.Ad-Hoc|Any CPU.Build.0 = Debug|Any CPU
		{79435647-66EA-4695-9F25-5679996C2166}.Ad-Hoc|ARM.ActiveCfg = Debug|Any CPU
		{79435647-66EA-4695-9F25-5679996C2166}.Ad-Hoc|ARM.Build.0 = Debug|Any CPU
		{79435647-66EA-4695-9F25-5679996C2166}.Ad-Hoc|iPhone.ActiveCfg = Debug|Any CPU
		{79435647-66EA-4695-9F25-5679996C2166}.Ad-Hoc|iPhone.Build.0 = Debug|Any CPU
		{79435647-66EA-4695-9F25-5679996C2166}.Ad-Hoc|iPhoneSimulator.ActiveCfg = Debug|Any CPU
		{79435647-66EA-4695-9F25-5679996C2166}.Ad-Hoc|iPhoneSimulator.Build.0 = Debug|Any CPU
		{79435647-66EA-4695-9F25-5679996C2166}.Ad-Hoc|x64.ActiveCfg = Debug|Any CPU
		{79435647-66EA-4695-9F25-5679996C2166}.Ad-Hoc|x64.Build.0 = Debug|Any CPU
		{79435647-66EA-4695-9F25-5679996C2166}.Ad-Hoc|x86.ActiveCfg = Debug|Any CPU
		{79435647-66EA-4695-9F25-5679996C2166}.Ad-Hoc|x86.Build.0 = Debug|Any CPU
		{79435647-66EA-4695-9F25-5679996C2166}.AppStore|Any CPU.ActiveCfg = Debug|Any CPU
		{79435647-66EA-4695-9F25-5679996C2166}.AppStore|Any CPU.Build.0 = Debug|Any CPU
		{79435647-66EA-4695-9F25-5679996C2166}.AppStore|ARM.ActiveCfg = Debug|Any CPU
		{79435647-66EA-4695-9F25-5679996C2166}.AppStore|ARM.Build.0 = Debug|Any CPU
		{79435647-66EA-4695-9F25-5679996C2166}.AppStore|iPhone.ActiveCfg = Debug|Any CPU
		{79435647-66EA-4695-9F25-5679996C2166}.AppStore|iPhone.Build.0 = Debug|Any CPU
		{79435647-66EA-4695-9F25-5679996C2166}.AppStore|iPhoneSimulator.ActiveCfg = Debug|Any CPU
		{79435647-66EA-4695-9F25-5679996C2166}.AppStore|iPhoneSimulator.Build.0 = Debug|Any CPU
		{79435647-66EA-4695-9F25-5679996C2166}.AppStore|x64.ActiveCfg = Debug|Any CPU
		{79435647-66EA-4695-9F25-5679996C2166}.AppStore|x64.Build.0 = Debug|Any CPU
		{79435647-66EA-4695-9F25-5679996C2166}.AppStore|x86.ActiveCfg = Debug|Any CPU
		{79435647-66EA-4695-9F25-5679996C2166}.AppStore|x86.Build.0 = Debug|Any CPU
		{79435647-66EA-4695-9F25-5679996C2166}.Debug|Any CPU.ActiveCfg = Debug|Any CPU
		{79435647-66EA-4695-9F25-5679996C2166}.Debug|Any CPU.Build.0 = Debug|Any CPU
		{79435647-66EA-4695-9F25-5679996C2166}.Debug|ARM.ActiveCfg = Debug|Any CPU
		{79435647-66EA-4695-9F25-5679996C2166}.Debug|ARM.Build.0 = Debug|Any CPU
		{79435647-66EA-4695-9F25-5679996C2166}.Debug|iPhone.ActiveCfg = Debug|Any CPU
		{79435647-66EA-4695-9F25-5679996C2166}.Debug|iPhone.Build.0 = Debug|Any CPU
		{79435647-66EA-4695-9F25-5679996C2166}.Debug|iPhoneSimulator.ActiveCfg = Debug|Any CPU
		{79435647-66EA-4695-9F25-5679996C2166}.Debug|iPhoneSimulator.Build.0 = Debug|Any CPU
		{79435647-66EA-4695-9F25-5679996C2166}.Debug|x64.ActiveCfg = Debug|Any CPU
		{79435647-66EA-4695-9F25-5679996C2166}.Debug|x64.Build.0 = Debug|Any CPU
		{79435647-66EA-4695-9F25-5679996C2166}.Debug|x86.ActiveCfg = Debug|Any CPU
		{79435647-66EA-4695-9F25-5679996C2166}.Debug|x86.Build.0 = Debug|Any CPU
		{79435647-66EA-4695-9F25-5679996C2166}.Release|Any CPU.ActiveCfg = Release|Any CPU
		{79435647-66EA-4695-9F25-5679996C2166}.Release|Any CPU.Build.0 = Release|Any CPU
		{79435647-66EA-4695-9F25-5679996C2166}.Release|ARM.ActiveCfg = Release|Any CPU
		{79435647-66EA-4695-9F25-5679996C2166}.Release|ARM.Build.0 = Release|Any CPU
		{79435647-66EA-4695-9F25-5679996C2166}.Release|iPhone.ActiveCfg = Release|Any CPU
		{79435647-66EA-4695-9F25-5679996C2166}.Release|iPhone.Build.0 = Release|Any CPU
		{79435647-66EA-4695-9F25-5679996C2166}.Release|iPhoneSimulator.ActiveCfg = Release|Any CPU
		{79435647-66EA-4695-9F25-5679996C2166}.Release|iPhoneSimulator.Build.0 = Release|Any CPU
		{79435647-66EA-4695-9F25-5679996C2166}.Release|x64.ActiveCfg = Release|Any CPU
		{79435647-66EA-4695-9F25-5679996C2166}.Release|x64.Build.0 = Release|Any CPU
		{79435647-66EA-4695-9F25-5679996C2166}.Release|x86.ActiveCfg = Release|Any CPU
		{79435647-66EA-4695-9F25-5679996C2166}.Release|x86.Build.0 = Release|Any CPU
	EndGlobalSection
	GlobalSection(SolutionProperties) = preSolution
		HideSolutionNode = FALSE
	EndGlobalSection
	GlobalSection(ExtensibilityGlobals) = postSolution
		SolutionGuid = {EF35D52F-D6CF-4798-8E32-4F4DEDD5992D}
	EndGlobalSection
EndGlobal
